{
    "_readme": [
        "This file locks the dependencies of your project to a known state",
        "Read more about it at https://getcomposer.org/doc/01-basic-usage.md#installing-dependencies",
        "This file is @generated automatically"
    ],
    "content-hash": "1f8b49c932fe65d2aec8f99a4b41ab64",
    "packages": [
        {
            "name": "exfriend/hardware-info",
            "version": "1.2",
            "source": {
                "type": "git",
                "url": "https://github.com/exfriend/hardware-status.git",
                "reference": "5d6830e468a48a422594eb9dfd9fa629a0dae515"
            },
            "dist": {
                "type": "zip",
                "url": "https://api.github.com/repos/exfriend/hardware-status/zipball/5d6830e468a48a422594eb9dfd9fa629a0dae515",
                "reference": "5d6830e468a48a422594eb9dfd9fa629a0dae515",
                "shasum": ""
            },
            "require": {
                "symfony/process": "^4.0"
            },
            "type": "library",
            "extra": {
                "laravel": {
                    "providers": [
                        "Exfriend\\HardwareInfo\\HardwareInfoServiceProvider"
                    ]
                }
            },
            "autoload": {
                "psr-4": {
                    "Exfriend\\HardwareInfo\\": "src/"
                }
            },
            "notification-url": "https://packagist.org/downloads/",
            "license": [
                "MIT"
            ],
            "authors": [
                {
                    "name": "exfriend",
                    "email": "krevedkothesaint@gmail.com"
                }
            ],
            "description": "CPU, Memory, Disk and uptime indicators for your dashboard",
            "time": "2018-05-08T17:41:33+00:00"
        },
        {
            "name": "symfony/process",
            "version": "v4.1.6",
            "source": {
                "type": "git",
                "url": "https://github.com/symfony/process.git",
                "reference": "ee33c0322a8fee0855afcc11fff81e6b1011b529"
            },
            "dist": {
                "type": "zip",
                "url": "https://api.github.com/repos/symfony/process/zipball/ee33c0322a8fee0855afcc11fff81e6b1011b529",
                "reference": "ee33c0322a8fee0855afcc11fff81e6b1011b529",
                "shasum": ""
            },
            "require": {
                "php": "^7.1.3"
            },
            "type": "library",
            "extra": {
                "branch-alias": {
                    "dev-master": "4.1-dev"
                }
            },
            "autoload": {
                "psr-4": {
                    "Symfony\\Component\\Process\\": ""
                },
                "exclude-from-classmap": [
                    "/Tests/"
                ]
            },
            "notification-url": "https://packagist.org/downloads/",
            "license": [
                "MIT"
            ],
            "authors": [
                {
                    "name": "Fabien Potencier",
                    "email": "fabien@symfony.com"
                },
                {
                    "name": "Symfony Community",
                    "homepage": "https://symfony.com/contributors"
                }
            ],
            "description": "Symfony Process Component",
            "homepage": "https://symfony.com",
            "time": "2018-10-02T12:40:59+00:00"
        }
    ],
    "packages-dev": [],
    "aliases": [],
    "minimum-stability": "stable",
    "stability-flags": [],
    "prefer-stable": false,
    "prefer-lowest": false,
    "platform": [],
    "platform-dev": []
}
